// !$*UTF8*$!
{
	archiveVersion = 1;
	classes = {
	};
	objectVersion = 46;
	objects = {

/* Begin PBXAggregateTarget section */
		42720F6F163823AF008C8E63 /* all */ = {
			isa = PBXAggregateTarget;
			buildConfigurationList = 42720F70163823AF008C8E63 /* Build configuration list for PBXAggregateTarget "all" */;
			buildPhases = (
			);
			dependencies = (
				425D10A4197FEA150082C0BA /* PBXTargetDependency */,
			);
			name = all;
			productName = all;
		};
/* End PBXAggregateTarget section */

/* Begin PBXBuildFile section */
		425D10A0197FEA020082C0BA /* rna_nsga2.cpp in Sources */ = {isa = PBXBuildFile; fileRef = 425D107F197FE9630082C0BA /* rna_nsga2.cpp */; };
		425D10A6197FEA4A0082C0BA /* libea.a in Frameworks */ = {isa = PBXBuildFile; fileRef = 425D10A5197FEA4A0082C0BA /* libea.a */; };
/* End PBXBuildFile section */

/* Begin PBXContainerItemProxy section */
		425D10A3197FEA150082C0BA /* PBXContainerItemProxy */ = {
			isa = PBXContainerItemProxy;
			containerPortal = 4244196715859482009863BE /* Project object */;
			proxyType = 1;
			remoteGlobalIDString = 425D1096197FE9E40082C0BA;
			remoteInfo = "rna-nsga2";
		};
/* End PBXContainerItemProxy section */

/* Begin PBXCopyFilesBuildPhase section */
		425D1095197FE9E40082C0BA /* CopyFiles */ = {
			isa = PBXCopyFilesBuildPhase;
			buildActionMask = 2147483647;
			dstPath = /usr/share/man/man1/;
			dstSubfolderSpec = 0;
			files = (
			);
			runOnlyForDeploymentPostprocessing = 1;
		};
/* End PBXCopyFilesBuildPhase section */

/* Begin PBXFileReference section */
		42441B3E15862E1B009863BE /* Jamroot */ = {isa = PBXFileReference; lastKnownFileType = text; path = Jamroot; sourceTree = "<group>"; };
		425D107E197FE9630082C0BA /* analysis.h */ = {isa = PBXFileReference; lastKnownFileType = sourcecode.c.h; path = analysis.h; sourceTree = "<group>"; };
		425D107F197FE9630082C0BA /* rna_nsga2.cpp */ = {isa = PBXFileReference; lastKnownFileType = sourcecode.cpp.cpp; path = rna_nsga2.cpp; sourceTree = "<group>"; };
		425D1080197FE9630082C0BA /* rna_nsga2.h */ = {isa = PBXFileReference; lastKnownFileType = sourcecode.c.h; path = rna_nsga2.h; sourceTree = "<group>"; };
		425D1081197FE9630082C0BA /* rna_record.h */ = {isa = PBXFileReference; lastKnownFileType = sourcecode.c.h; path = rna_record.h; sourceTree = "<group>"; };
		425D1082197FE9630082C0BA /* rna.cpp */ = {isa = PBXFileReference; lastKnownFileType = sourcecode.cpp.cpp; path = rna.cpp; sourceTree = "<group>"; };
		425D1083197FE9630082C0BA /* rna.h */ = {isa = PBXFileReference; lastKnownFileType = sourcecode.c.h; path = rna.h; sourceTree = "<group>"; };
		425D1084197FE97B0082C0BA /* ealib.cfg */ = {isa = PBXFileReference; lastKnownFileType = text; path = ealib.cfg; sourceTree = "<group>"; };
		425D1085197FE97B0082C0BA /* nsga2.cfg */ = {isa = PBXFileReference; lastKnownFileType = text; path = nsga2.cfg; sourceTree = "<group>"; };
		425D1097197FE9E40082C0BA /* rna-nsga2 */ = {isa = PBXFileReference; explicitFileType = "compiled.mach-o.executable"; includeInIndex = 0; path = "rna-nsga2"; sourceTree = BUILT_PRODUCTS_DIR; };
		425D10A5197FEA4A0082C0BA /* libea.a */ = {isa = PBXFileReference; lastKnownFileType = archive.ar; name = libea.a; path = ../rna/DerivedData/template/Build/Products/Debug/libea.a; sourceTree = "<group>"; };
		42706B11166AF51C003FB2E3 /* template.xcconfig */ = {isa = PBXFileReference; lastKnownFileType = text.xcconfig; path = template.xcconfig; sourceTree = "<group>"; };
/* End PBXFileReference section */

/* Begin PBXFrameworksBuildPhase section */
		425D1094197FE9E40082C0BA /* Frameworks */ = {
			isa = PBXFrameworksBuildPhase;
			buildActionMask = 2147483647;
			files = (
				425D10A6197FEA4A0082C0BA /* libea.a in Frameworks */,
			);
			runOnlyForDeploymentPostprocessing = 0;
		};
/* End PBXFrameworksBuildPhase section */

/* Begin PBXGroup section */
		4244196515859482009863BE = {
			isa = PBXGroup;
			children = (
				42441B3E15862E1B009863BE /* Jamroot */,
				42441A7A15861669009863BE /* etc */,
				424419941585961A009863BE /* lib */,
				42441A01158613F5009863BE /* src */,
				4244197115859482009863BE /* Products */,
			);
			sourceTree = "<group>";
		};
		4244197115859482009863BE /* Products */ = {
			isa = PBXGroup;
			children = (
				425D1097197FE9E40082C0BA /* rna-nsga2 */,
			);
			name = Products;
			sourceTree = "<group>";
		};
		424419941585961A009863BE /* lib */ = {
			isa = PBXGroup;
			children = (
				425D10A5197FEA4A0082C0BA /* libea.a */,
			);
			name = lib;
			path = ../apps;
			sourceTree = "<group>";
		};
		42441A01158613F5009863BE /* src */ = {
			isa = PBXGroup;
			children = (
				425D107E197FE9630082C0BA /* analysis.h */,
				425D107F197FE9630082C0BA /* rna_nsga2.cpp */,
				425D1080197FE9630082C0BA /* rna_nsga2.h */,
				425D1081197FE9630082C0BA /* rna_record.h */,
				425D1082197FE9630082C0BA /* rna.cpp */,
				425D1083197FE9630082C0BA /* rna.h */,
			);
			path = src;
			sourceTree = "<group>";
		};
		42441A7A15861669009863BE /* etc */ = {
			isa = PBXGroup;
			children = (
				425D1084197FE97B0082C0BA /* ealib.cfg */,
				425D1085197FE97B0082C0BA /* nsga2.cfg */,
				42706B11166AF51C003FB2E3 /* template.xcconfig */,
			);
			path = etc;
			sourceTree = "<group>";
		};
/* End PBXGroup section */

/* Begin PBXNativeTarget section */
		425D1096197FE9E40082C0BA /* rna-nsga2 */ = {
			isa = PBXNativeTarget;
			buildConfigurationList = 425D109D197FE9E40082C0BA /* Build configuration list for PBXNativeTarget "rna-nsga2" */;
			buildPhases = (
				425D1093197FE9E40082C0BA /* Sources */,
				425D1094197FE9E40082C0BA /* Frameworks */,
				425D1095197FE9E40082C0BA /* CopyFiles */,
			);
			buildRules = (
			);
			dependencies = (
			);
			name = "rna-nsga2";
			productName = "rna-nsga2";
			productReference = 425D1097197FE9E40082C0BA /* rna-nsga2 */;
			productType = "com.apple.product-type.tool";
		};
/* End PBXNativeTarget section */

/* Begin PBXProject section */
		4244196715859482009863BE /* Project object */ = {
			isa = PBXProject;
			attributes = {
				ORGANIZATIONNAME = "Michigan State University";
			};
			buildConfigurationList = 4244196A15859482009863BE /* Build configuration list for PBXProject "rna" */;
			compatibilityVersion = "Xcode 3.2";
			developmentRegion = English;
			hasScannedForEncodings = 0;
			knownRegions = (
				en,
			);
			mainGroup = 4244196515859482009863BE;
			productRefGroup = 4244197115859482009863BE /* Products */;
			projectDirPath = "";
			projectRoot = "";
			targets = (
				42720F6F163823AF008C8E63 /* all */,
				425D1096197FE9E40082C0BA /* rna-nsga2 */,
			);
		};
/* End PBXProject section */

/* Begin PBXSourcesBuildPhase section */
		425D1093197FE9E40082C0BA /* Sources */ = {
			isa = PBXSourcesBuildPhase;
			buildActionMask = 2147483647;
			files = (
				425D10A0197FEA020082C0BA /* rna_nsga2.cpp in Sources */,
			);
			runOnlyForDeploymentPostprocessing = 0;
		};
/* End PBXSourcesBuildPhase section */

/* Begin PBXTargetDependency section */
		425D10A4197FEA150082C0BA /* PBXTargetDependency */ = {
			isa = PBXTargetDependency;
			target = 425D1096197FE9E40082C0BA /* rna-nsga2 */;
			targetProxy = 425D10A3197FEA150082C0BA /* PBXContainerItemProxy */;
		};
/* End PBXTargetDependency section */

/* Begin XCBuildConfiguration section */
		4244197815859482009863BE /* Debug */ = {
			isa = XCBuildConfiguration;
			baseConfigurationReference = 42706B11166AF51C003FB2E3 /* template.xcconfig */;
			buildSettings = {
			};
			name = Debug;
		};
		4244197915859482009863BE /* Release */ = {
			isa = XCBuildConfiguration;
			baseConfigurationReference = 42706B11166AF51C003FB2E3 /* template.xcconfig */;
			buildSettings = {
			};
			name = Release;
		};
		425D109E197FE9E40082C0BA /* Debug */ = {
			isa = XCBuildConfiguration;
			buildSettings = {
			};
			name = Debug;
		};
		425D109F197FE9E40082C0BA /* Release */ = {
			isa = XCBuildConfiguration;
			buildSettings = {
			};
			name = Release;
		};
		42720F71163823AF008C8E63 /* Debug */ = {
			isa = XCBuildConfiguration;
			buildSettings = {
			};
			name = Debug;
		};
		42720F72163823AF008C8E63 /* Release */ = {
			isa = XCBuildConfiguration;
			buildSettings = {
			};
			name = Release;
		};
/* End XCBuildConfiguration section */

/* Begin XCConfigurationList section */
		4244196A15859482009863BE /* Build configuration list for PBXProject "rna" */ = {
			isa = XCConfigurationList;
			buildConfigurations = (
				4244197815859482009863BE /* Debug */,
				4244197915859482009863BE /* Release */,
			);
			defaultConfigurationIsVisible = 0;
			defaultConfigurationName = Release;
		};
		425D109D197FE9E40082C0BA /* Build configuration list for PBXNativeTarget "rna-nsga2" */ = {
			isa = XCConfigurationList;
			buildConfigurations = (
				425D109E197FE9E40082C0BA /* Debug */,
				425D109F197FE9E40082C0BA /* Release */,
			);
			defaultConfigurationIsVisible = 0;
		};
		42720F70163823AF008C8E63 /* Build configuration list for PBXAggregateTarget "all" */ = {
			isa = XCConfigurationList;
			buildConfigurations = (
				42720F71163823AF008C8E63 /* Debug */,
				42720F72163823AF008C8E63 /* Release */,
			);
			defaultConfigurationIsVisible = 0;
			defaultConfigurationName = Release;
		};
/* End XCConfigurationList section */
	};
	rootObject = 4244196715859482009863BE /* Project object */;
}
